
Microsoft Visual Studio Solution File, Format Version 12.00
# Visual Studio 14
VisualStudioVersion = 14.0.25420.1
MinimumVisualStudioVersion = 10.0.40219.1
Project("{FAE04EC0-301F-11D3-BF4B-00C04F79EFBC}") = "WorkshopBandtecApp", "WorkshopBandtecApp\WorkshopBandtecApp\WorkshopBandtecApp.csproj", "{98E7F063-76CC-49E4-85BA-92DF385D62D1}"
EndProject
Project("{FAE04EC0-301F-11D3-BF4B-00C04F79EFBC}") = "WorkshopBandtecApp.Droid", "WorkshopBandtecApp\WorkshopBandtecApp.Droid\WorkshopBandtecApp.Droid.csproj", "{7F9DBE8E-3119-420F-9250-7C39D32BAC0A}"
EndProject
Project("{FAE04EC0-301F-11D3-BF4B-00C04F79EFBC}") = "WorkshopBandtecApp.iOS", "WorkshopBandtecApp\WorkshopBandtecApp.iOS\WorkshopBandtecApp.iOS.csproj", "{6FA8DDB2-9EB6-47BC-AA6C-DB0FD49999AB}"
EndProject
Project("{FAE04EC0-301F-11D3-BF4B-00C04F79EFBC}") = "WorkshopBandtecApp.WinPhone", "WorkshopBandtecApp\WorkshopBandtecApp.WinPhone\WorkshopBandtecApp.WinPhone.csproj", "{C703881B-73C0-4D75-893E-AB6AA1DE4D99}"
EndProject
Project("{FAE04EC0-301F-11D3-BF4B-00C04F79EFBC}") = "WorkshopBandtecApp.UWP", "WorkshopBandtecApp\WorkshopBandtecApp.UWP\WorkshopBandtecApp.UWP.csproj", "{4FACB64F-EC5C-4ED9-9DC9-6E1A045B03C8}"
EndProject
Project("{FAE04EC0-301F-11D3-BF4B-00C04F79EFBC}") = "WorkshopBandtecApp.Windows", "WorkshopBandtecApp\WorkshopBandtecApp.Windows\WorkshopBandtecApp.Windows.csproj", "{AF908458-1FEA-452A-A73F-A1A96C126656}"
EndProject
Project("{FAE04EC0-301F-11D3-BF4B-00C04F79EFBC}") = "WorkshopBandtecApp.Backend", "WorkshopBandtecApp.Backend\WorkshopBandtecApp.Backend.csproj", "{1E535138-25E4-40A3-A3ED-AC3CEF23E567}"
EndProject
Project("{FAE04EC0-301F-11D3-BF4B-00C04F79EFBC}") = "WorkshopBandtecApp.Backend.Tests", "WorkshopBandtecApp.Backend.Tests\WorkshopBandtecApp.Backend.Tests.csproj", "{B0C683F2-1824-4636-8FB7-2DC0F00312A7}"
EndProject
Project("{2150E333-8FDC-42A3-9474-1A3956D46DE8}") = "1 - Backend", "1 - Backend", "{A5D96EE0-8E6D-4ED3-A637-52595A773829}"
EndProject
Project("{2150E333-8FDC-42A3-9474-1A3956D46DE8}") = "2 - Mobile", "2 - Mobile", "{D2AA0690-0E79-4C08-8DDF-9467A0CA6F30}"
EndProject
Global
	GlobalSection(SolutionConfigurationPlatforms) = preSolution
		Ad-Hoc|Any CPU = Ad-Hoc|Any CPU
		Ad-Hoc|ARM = Ad-Hoc|ARM
		Ad-Hoc|iPhone = Ad-Hoc|iPhone
		Ad-Hoc|iPhoneSimulator = Ad-Hoc|iPhoneSimulator
		Ad-Hoc|x64 = Ad-Hoc|x64
		Ad-Hoc|x86 = Ad-Hoc|x86
		AppStore|Any CPU = AppStore|Any CPU
		AppStore|ARM = AppStore|ARM
		AppStore|iPhone = AppStore|iPhone
		AppStore|iPhoneSimulator = AppStore|iPhoneSimulator
		AppStore|x64 = AppStore|x64
		AppStore|x86 = AppStore|x86
		Debug|Any CPU = Debug|Any CPU
		Debug|ARM = Debug|ARM
		Debug|iPhone = Debug|iPhone
		Debug|iPhoneSimulator = Debug|iPhoneSimulator
		Debug|x64 = Debug|x64
		Debug|x86 = Debug|x86
		Release|Any CPU = Release|Any CPU
		Release|ARM = Release|ARM
		Release|iPhone = Release|iPhone
		Release|iPhoneSimulator = Release|iPhoneSimulator
		Release|x64 = Release|x64
		Release|x86 = Release|x86
	EndGlobalSection
	GlobalSection(ProjectConfigurationPlatforms) = postSolution
		{98E7F063-76CC-49E4-85BA-92DF385D62D1}.Ad-Hoc|Any CPU.ActiveCfg = Release|Any CPU
		{98E7F063-76CC-49E4-85BA-92DF385D62D1}.Ad-Hoc|Any CPU.Build.0 = Release|Any CPU
		{98E7F063-76CC-49E4-85BA-92DF385D62D1}.Ad-Hoc|ARM.ActiveCfg = Release|Any CPU
		{98E7F063-76CC-49E4-85BA-92DF385D62D1}.Ad-Hoc|ARM.Build.0 = Release|Any CPU
		{98E7F063-76CC-49E4-85BA-92DF385D62D1}.Ad-Hoc|iPhone.ActiveCfg = Release|Any CPU
		{98E7F063-76CC-49E4-85BA-92DF385D62D1}.Ad-Hoc|iPhone.Build.0 = Release|Any CPU
		{98E7F063-76CC-49E4-85BA-92DF385D62D1}.Ad-Hoc|iPhoneSimulator.ActiveCfg = Release|Any CPU
		{98E7F063-76CC-49E4-85BA-92DF385D62D1}.Ad-Hoc|iPhoneSimulator.Build.0 = Release|Any CPU
		{98E7F063-76CC-49E4-85BA-92DF385D62D1}.Ad-Hoc|x64.ActiveCfg = Release|Any CPU
		{98E7F063-76CC-49E4-85BA-92DF385D62D1}.Ad-Hoc|x64.Build.0 = Release|Any CPU
		{98E7F063-76CC-49E4-85BA-92DF385D62D1}.Ad-Hoc|x86.ActiveCfg = Release|Any CPU
		{98E7F063-76CC-49E4-85BA-92DF385D62D1}.Ad-Hoc|x86.Build.0 = Release|Any CPU
		{98E7F063-76CC-49E4-85BA-92DF385D62D1}.AppStore|Any CPU.ActiveCfg = Release|Any CPU
		{98E7F063-76CC-49E4-85BA-92DF385D62D1}.AppStore|Any CPU.Build.0 = Release|Any CPU
		{98E7F063-76CC-49E4-85BA-92DF385D62D1}.AppStore|ARM.ActiveCfg = Release|Any CPU
		{98E7F063-76CC-49E4-85BA-92DF385D62D1}.AppStore|ARM.Build.0 = Release|Any CPU
		{98E7F063-76CC-49E4-85BA-92DF385D62D1}.AppStore|iPhone.ActiveCfg = Release|Any CPU
		{98E7F063-76CC-49E4-85BA-92DF385D62D1}.AppStore|iPhone.Build.0 = Release|Any CPU
		{98E7F063-76CC-49E4-85BA-92DF385D62D1}.AppStore|iPhoneSimulator.ActiveCfg = Release|Any CPU
		{98E7F063-76CC-49E4-85BA-92DF385D62D1}.AppStore|iPhoneSimulator.Build.0 = Release|Any CPU
		{98E7F063-76CC-49E4-85BA-92DF385D62D1}.AppStore|x64.ActiveCfg = Release|Any CPU
		{98E7F063-76CC-49E4-85BA-92DF385D62D1}.AppStore|x64.Build.0 = Release|Any CPU
		{98E7F063-76CC-49E4-85BA-92DF385D62D1}.AppStore|x86.ActiveCfg = Release|Any CPU
		{98E7F063-76CC-49E4-85BA-92DF385D62D1}.AppStore|x86.Build.0 = Release|Any CPU
		{98E7F063-76CC-49E4-85BA-92DF385D62D1}.Debug|Any CPU.ActiveCfg = Debug|Any CPU
		{98E7F063-76CC-49E4-85BA-92DF385D62D1}.Debug|Any CPU.Build.0 = Debug|Any CPU
		{98E7F063-76CC-49E4-85BA-92DF385D62D1}.Debug|ARM.ActiveCfg = Debug|Any CPU
		{98E7F063-76CC-49E4-85BA-92DF385D62D1}.Debug|ARM.Build.0 = Debug|Any CPU
		{98E7F063-76CC-49E4-85BA-92DF385D62D1}.Debug|iPhone.ActiveCfg = Debug|Any CPU
		{98E7F063-76CC-49E4-85BA-92DF385D62D1}.Debug|iPhone.Build.0 = Debug|Any CPU
		{98E7F063-76CC-49E4-85BA-92DF385D62D1}.Debug|iPhoneSimulator.ActiveCfg = Debug|Any CPU
		{98E7F063-76CC-49E4-85BA-92DF385D62D1}.Debug|iPhoneSimulator.Build.0 = Debug|Any CPU
		{98E7F063-76CC-49E4-85BA-92DF385D62D1}.Debug|x64.ActiveCfg = Debug|Any CPU
		{98E7F063-76CC-49E4-85BA-92DF385D62D1}.Debug|x64.Build.0 = Debug|Any CPU
		{98E7F063-76CC-49E4-85BA-92DF385D62D1}.Debug|x86.ActiveCfg = Debug|Any CPU
		{98E7F063-76CC-49E4-85BA-92DF385D62D1}.Debug|x86.Build.0 = Debug|Any CPU
		{98E7F063-76CC-49E4-85BA-92DF385D62D1}.Release|Any CPU.ActiveCfg = Release|Any CPU
		{98E7F063-76CC-49E4-85BA-92DF385D62D1}.Release|Any CPU.Build.0 = Release|Any CPU
		{98E7F063-76CC-49E4-85BA-92DF385D62D1}.Release|ARM.ActiveCfg = Release|Any CPU
		{98E7F063-76CC-49E4-85BA-92DF385D62D1}.Release|ARM.Build.0 = Release|Any CPU
		{98E7F063-76CC-49E4-85BA-92DF385D62D1}.Release|iPhone.ActiveCfg = Release|Any CPU
		{98E7F063-76CC-49E4-85BA-92DF385D62D1}.Release|iPhone.Build.0 = Release|Any CPU
		{98E7F063-76CC-49E4-85BA-92DF385D62D1}.Release|iPhoneSimulator.ActiveCfg = Release|Any CPU
		{98E7F063-76CC-49E4-85BA-92DF385D62D1}.Release|iPhoneSimulator.Build.0 = Release|Any CPU
		{98E7F063-76CC-49E4-85BA-92DF385D62D1}.Release|x64.ActiveCfg = Release|Any CPU
		{98E7F063-76CC-49E4-85BA-92DF385D62D1}.Release|x64.Build.0 = Release|Any CPU
		{98E7F063-76CC-49E4-85BA-92DF385D62D1}.Release|x86.ActiveCfg = Release|Any CPU
		{98E7F063-76CC-49E4-85BA-92DF385D62D1}.Release|x86.Build.0 = Release|Any CPU
		{7F9DBE8E-3119-420F-9250-7C39D32BAC0A}.Ad-Hoc|Any CPU.ActiveCfg = Release|Any CPU
		{7F9DBE8E-3119-420F-9250-7C39D32BAC0A}.Ad-Hoc|Any CPU.Build.0 = Release|Any CPU
		{7F9DBE8E-3119-420F-9250-7C39D32BAC0A}.Ad-Hoc|Any CPU.Deploy.0 = Release|Any CPU
		{7F9DBE8E-3119-420F-9250-7C39D32BAC0A}.Ad-Hoc|ARM.ActiveCfg = Release|Any CPU
		{7F9DBE8E-3119-420F-9250-7C39D32BAC0A}.Ad-Hoc|ARM.Build.0 = Release|Any CPU
		{7F9DBE8E-3119-420F-9250-7C39D32BAC0A}.Ad-Hoc|ARM.Deploy.0 = Release|Any CPU
		{7F9DBE8E-3119-420F-9250-7C39D32BAC0A}.Ad-Hoc|iPhone.ActiveCfg = Release|Any CPU
		{7F9DBE8E-3119-420F-9250-7C39D32BAC0A}.Ad-Hoc|iPhone.Build.0 = Release|Any CPU
		{7F9DBE8E-3119-420F-9250-7C39D32BAC0A}.Ad-Hoc|iPhone.Deploy.0 = Release|Any CPU
		{7F9DBE8E-3119-420F-9250-7C39D32BAC0A}.Ad-Hoc|iPhoneSimulator.ActiveCfg = Release|Any CPU
		{7F9DBE8E-3119-420F-9250-7C39D32BAC0A}.Ad-Hoc|iPhoneSimulator.Build.0 = Release|Any CPU
		{7F9DBE8E-3119-420F-9250-7C39D32BAC0A}.Ad-Hoc|iPhoneSimulator.Deploy.0 = Release|Any CPU
		{7F9DBE8E-3119-420F-9250-7C39D32BAC0A}.Ad-Hoc|x64.ActiveCfg = Release|Any CPU
		{7F9DBE8E-3119-420F-9250-7C39D32BAC0A}.Ad-Hoc|x64.Build.0 = Release|Any CPU
		{7F9DBE8E-3119-420F-9250-7C39D32BAC0A}.Ad-Hoc|x64.Deploy.0 = Release|Any CPU
		{7F9DBE8E-3119-420F-9250-7C39D32BAC0A}.Ad-Hoc|x86.ActiveCfg = Release|Any CPU
		{7F9DBE8E-3119-420F-9250-7C39D32BAC0A}.Ad-Hoc|x86.Build.0 = Release|Any CPU
		{7F9DBE8E-3119-420F-9250-7C39D32BAC0A}.Ad-Hoc|x86.Deploy.0 = Release|Any CPU
		{7F9DBE8E-3119-420F-9250-7C39D32BAC0A}.AppStore|Any CPU.ActiveCfg = Release|Any CPU
		{7F9DBE8E-3119-420F-9250-7C39D32BAC0A}.AppStore|Any CPU.Build.0 = Release|Any CPU
		{7F9DBE8E-3119-420F-9250-7C39D32BAC0A}.AppStore|Any CPU.Deploy.0 = Release|Any CPU
		{7F9DBE8E-3119-420F-9250-7C39D32BAC0A}.AppStore|ARM.ActiveCfg = Release|Any CPU
		{7F9DBE8E-3119-420F-9250-7C39D32BAC0A}.AppStore|ARM.Build.0 = Release|Any CPU
		{7F9DBE8E-3119-420F-9250-7C39D32BAC0A}.AppStore|ARM.Deploy.0 = Release|Any CPU
		{7F9DBE8E-3119-420F-9250-7C39D32BAC0A}.AppStore|iPhone.ActiveCfg = Release|Any CPU
		{7F9DBE8E-3119-420F-9250-7C39D32BAC0A}.AppStore|iPhone.Build.0 = Release|Any CPU
		{7F9DBE8E-3119-420F-9250-7C39D32BAC0A}.AppStore|iPhone.Deploy.0 = Release|Any CPU
		{7F9DBE8E-3119-420F-9250-7C39D32BAC0A}.AppStore|iPhoneSimulator.ActiveCfg = Release|Any CPU
		{7F9DBE8E-3119-420F-9250-7C39D32BAC0A}.AppStore|iPhoneSimulator.Build.0 = Release|Any CPU
		{7F9DBE8E-3119-420F-9250-7C39D32BAC0A}.AppStore|iPhoneSimulator.Deploy.0 = Release|Any CPU
		{7F9DBE8E-3119-420F-9250-7C39D32BAC0A}.AppStore|x64.ActiveCfg = Release|Any CPU
		{7F9DBE8E-3119-420F-9250-7C39D32BAC0A}.AppStore|x64.Build.0 = Release|Any CPU
		{7F9DBE8E-3119-420F-9250-7C39D32BAC0A}.AppStore|x64.Deploy.0 = Release|Any CPU
		{7F9DBE8E-3119-420F-9250-7C39D32BAC0A}.AppStore|x86.ActiveCfg = Release|Any CPU
		{7F9DBE8E-3119-420F-9250-7C39D32BAC0A}.AppStore|x86.Build.0 = Release|Any CPU
		{7F9DBE8E-3119-420F-9250-7C39D32BAC0A}.AppStore|x86.Deploy.0 = Release|Any CPU
		{7F9DBE8E-3119-420F-9250-7C39D32BAC0A}.Debug|Any CPU.ActiveCfg = Debug|Any CPU
		{7F9DBE8E-3119-420F-9250-7C39D32BAC0A}.Debug|Any CPU.Build.0 = Debug|Any CPU
		{7F9DBE8E-3119-420F-9250-7C39D32BAC0A}.Debug|Any CPU.Deploy.0 = Debug|Any CPU
		{7F9DBE8E-3119-420F-9250-7C39D32BAC0A}.Debug|ARM.ActiveCfg = Debug|Any CPU
		{7F9DBE8E-3119-420F-9250-7C39D32BAC0A}.Debug|ARM.Build.0 = Debug|Any CPU
		{7F9DBE8E-3119-420F-9250-7C39D32BAC0A}.Debug|ARM.Deploy.0 = Debug|Any CPU
		{7F9DBE8E-3119-420F-9250-7C39D32BAC0A}.Debug|iPhone.ActiveCfg = Debug|Any CPU
		{7F9DBE8E-3119-420F-9250-7C39D32BAC0A}.Debug|iPhone.Build.0 = Debug|Any CPU
		{7F9DBE8E-3119-420F-9250-7C39D32BAC0A}.Debug|iPhone.Deploy.0 = Debug|Any CPU
		{7F9DBE8E-3119-420F-9250-7C39D32BAC0A}.Debug|iPhoneSimulator.ActiveCfg = Debug|Any CPU
		{7F9DBE8E-3119-420F-9250-7C39D32BAC0A}.Debug|iPhoneSimulator.Build.0 = Debug|Any CPU
		{7F9DBE8E-3119-420F-9250-7C39D32BAC0A}.Debug|iPhoneSimulator.Deploy.0 = Debug|Any CPU
		{7F9DBE8E-3119-420F-9250-7C39D32BAC0A}.Debug|x64.ActiveCfg = Debug|Any CPU
		{7F9DBE8E-3119-420F-9250-7C39D32BAC0A}.Debug|x64.Build.0 = Debug|Any CPU
		{7F9DBE8E-3119-420F-9250-7C39D32BAC0A}.Debug|x64.Deploy.0 = Debug|Any CPU
		{7F9DBE8E-3119-420F-9250-7C39D32BAC0A}.Debug|x86.ActiveCfg = Debug|Any CPU
		{7F9DBE8E-3119-420F-9250-7C39D32BAC0A}.Debug|x86.Build.0 = Debug|Any CPU
		{7F9DBE8E-3119-420F-9250-7C39D32BAC0A}.Debug|x86.Deploy.0 = Debug|Any CPU
		{7F9DBE8E-3119-420F-9250-7C39D32BAC0A}.Release|Any CPU.ActiveCfg = Release|Any CPU
		{7F9DBE8E-3119-420F-9250-7C39D32BAC0A}.Release|Any CPU.Build.0 = Release|Any CPU
		{7F9DBE8E-3119-420F-9250-7C39D32BAC0A}.Release|Any CPU.Deploy.0 = Release|Any CPU
		{7F9DBE8E-3119-420F-9250-7C39D32BAC0A}.Release|ARM.ActiveCfg = Release|Any CPU
		{7F9DBE8E-3119-420F-9250-7C39D32BAC0A}.Release|ARM.Build.0 = Release|Any CPU
		{7F9DBE8E-3119-420F-9250-7C39D32BAC0A}.Release|ARM.Deploy.0 = Release|Any CPU
		{7F9DBE8E-3119-420F-9250-7C39D32BAC0A}.Release|iPhone.ActiveCfg = Release|Any CPU
		{7F9DBE8E-3119-420F-9250-7C39D32BAC0A}.Release|iPhone.Build.0 = Release|Any CPU
		{7F9DBE8E-3119-420F-9250-7C39D32BAC0A}.Release|iPhone.Deploy.0 = Release|Any CPU
		{7F9DBE8E-3119-420F-9250-7C39D32BAC0A}.Release|iPhoneSimulator.ActiveCfg = Release|Any CPU
		{7F9DBE8E-3119-420F-9250-7C39D32BAC0A}.Release|iPhoneSimulator.Build.0 = Release|Any CPU
		{7F9DBE8E-3119-420F-9250-7C39D32BAC0A}.Release|iPhoneSimulator.Deploy.0 = Release|Any CPU
		{7F9DBE8E-3119-420F-9250-7C39D32BAC0A}.Release|x64.ActiveCfg = Release|Any CPU
		{7F9DBE8E-3119-420F-9250-7C39D32BAC0A}.Release|x64.Build.0 = Release|Any CPU
		{7F9DBE8E-3119-420F-9250-7C39D32BAC0A}.Release|x64.Deploy.0 = Release|Any CPU
		{7F9DBE8E-3119-420F-9250-7C39D32BAC0A}.Release|x86.ActiveCfg = Release|Any CPU
		{7F9DBE8E-3119-420F-9250-7C39D32BAC0A}.Release|x86.Build.0 = Release|Any CPU
		{7F9DBE8E-3119-420F-9250-7C39D32BAC0A}.Release|x86.Deploy.0 = Release|Any CPU
		{6FA8DDB2-9EB6-47BC-AA6C-DB0FD49999AB}.Ad-Hoc|Any CPU.ActiveCfg = Ad-Hoc|iPhone
		{6FA8DDB2-9EB6-47BC-AA6C-DB0FD49999AB}.Ad-Hoc|ARM.ActiveCfg = Ad-Hoc|iPhone
		{6FA8DDB2-9EB6-47BC-AA6C-DB0FD49999AB}.Ad-Hoc|iPhone.ActiveCfg = Ad-Hoc|iPhone
		{6FA8DDB2-9EB6-47BC-AA6C-DB0FD49999AB}.Ad-Hoc|iPhone.Build.0 = Ad-Hoc|iPhone
		{6FA8DDB2-9EB6-47BC-AA6C-DB0FD49999AB}.Ad-Hoc|iPhoneSimulator.ActiveCfg = Ad-Hoc|iPhoneSimulator
		{6FA8DDB2-9EB6-47BC-AA6C-DB0FD49999AB}.Ad-Hoc|iPhoneSimulator.Build.0 = Ad-Hoc|iPhoneSimulator
		{6FA8DDB2-9EB6-47BC-AA6C-DB0FD49999AB}.Ad-Hoc|x64.ActiveCfg = Ad-Hoc|iPhone
		{6FA8DDB2-9EB6-47BC-AA6C-DB0FD49999AB}.Ad-Hoc|x86.ActiveCfg = Ad-Hoc|iPhone
		{6FA8DDB2-9EB6-47BC-AA6C-DB0FD49999AB}.AppStore|Any CPU.ActiveCfg = AppStore|iPhone
		{6FA8DDB2-9EB6-47BC-AA6C-DB0FD49999AB}.AppStore|ARM.ActiveCfg = AppStore|iPhone
		{6FA8DDB2-9EB6-47BC-AA6C-DB0FD49999AB}.AppStore|iPhone.ActiveCfg = AppStore|iPhone
		{6FA8DDB2-9EB6-47BC-AA6C-DB0FD49999AB}.AppStore|iPhone.Build.0 = AppStore|iPhone
		{6FA8DDB2-9EB6-47BC-AA6C-DB0FD49999AB}.AppStore|iPhoneSimulator.ActiveCfg = AppStore|iPhoneSimulator
		{6FA8DDB2-9EB6-47BC-AA6C-DB0FD49999AB}.AppStore|iPhoneSimulator.Build.0 = AppStore|iPhoneSimulator
		{6FA8DDB2-9EB6-47BC-AA6C-DB0FD49999AB}.AppStore|x64.ActiveCfg = AppStore|iPhone
		{6FA8DDB2-9EB6-47BC-AA6C-DB0FD49999AB}.AppStore|x86.ActiveCfg = AppStore|iPhone
		{6FA8DDB2-9EB6-47BC-AA6C-DB0FD49999AB}.Debug|Any CPU.ActiveCfg = Debug|iPhone
		{6FA8DDB2-9EB6-47BC-AA6C-DB0FD49999AB}.Debug|ARM.ActiveCfg = Debug|iPhone
		{6FA8DDB2-9EB6-47BC-AA6C-DB0FD49999AB}.Debug|iPhone.ActiveCfg = Debug|iPhone
		{6FA8DDB2-9EB6-47BC-AA6C-DB0FD49999AB}.Debug|iPhone.Build.0 = Debug|iPhone
		{6FA8DDB2-9EB6-47BC-AA6C-DB0FD49999AB}.Debug|iPhoneSimulator.ActiveCfg = Debug|iPhoneSimulator
		{6FA8DDB2-9EB6-47BC-AA6C-DB0FD49999AB}.Debug|iPhoneSimulator.Build.0 = Debug|iPhoneSimulator
		{6FA8DDB2-9EB6-47BC-AA6C-DB0FD49999AB}.Debug|x64.ActiveCfg = Debug|iPhone
		{6FA8DDB2-9EB6-47BC-AA6C-DB0FD49999AB}.Debug|x86.ActiveCfg = Debug|iPhone
		{6FA8DDB2-9EB6-47BC-AA6C-DB0FD49999AB}.Release|Any CPU.ActiveCfg = Release|iPhone
		{6FA8DDB2-9EB6-47BC-AA6C-DB0FD49999AB}.Release|ARM.ActiveCfg = Release|iPhone
		{6FA8DDB2-9EB6-47BC-AA6C-DB0FD49999AB}.Release|iPhone.ActiveCfg = Release|iPhone
		{6FA8DDB2-9EB6-47BC-AA6C-DB0FD49999AB}.Release|iPhone.Build.0 = Release|iPhone
		{6FA8DDB2-9EB6-47BC-AA6C-DB0FD49999AB}.Release|iPhoneSimulator.ActiveCfg = Release|iPhoneSimulator
		{6FA8DDB2-9EB6-47BC-AA6C-DB0FD49999AB}.Release|iPhoneSimulator.Build.0 = Release|iPhoneSimulator
		{6FA8DDB2-9EB6-47BC-AA6C-DB0FD49999AB}.Release|x64.ActiveCfg = Release|iPhone
		{6FA8DDB2-9EB6-47BC-AA6C-DB0FD49999AB}.Release|x86.ActiveCfg = Release|iPhone
		{C703881B-73C0-4D75-893E-AB6AA1DE4D99}.Ad-Hoc|Any CPU.ActiveCfg = Release|Any CPU
		{C703881B-73C0-4D75-893E-AB6AA1DE4D99}.Ad-Hoc|Any CPU.Build.0 = Release|Any CPU
		{C703881B-73C0-4D75-893E-AB6AA1DE4D99}.Ad-Hoc|Any CPU.Deploy.0 = Release|Any CPU
		{C703881B-73C0-4D75-893E-AB6AA1DE4D99}.Ad-Hoc|ARM.ActiveCfg = Release|ARM
		{C703881B-73C0-4D75-893E-AB6AA1DE4D99}.Ad-Hoc|ARM.Build.0 = Release|ARM
		{C703881B-73C0-4D75-893E-AB6AA1DE4D99}.Ad-Hoc|ARM.Deploy.0 = Release|ARM
		{C703881B-73C0-4D75-893E-AB6AA1DE4D99}.Ad-Hoc|iPhone.ActiveCfg = Release|Any CPU
		{C703881B-73C0-4D75-893E-AB6AA1DE4D99}.Ad-Hoc|iPhone.Build.0 = Release|Any CPU
		{C703881B-73C0-4D75-893E-AB6AA1DE4D99}.Ad-Hoc|iPhone.Deploy.0 = Release|Any CPU
		{C703881B-73C0-4D75-893E-AB6AA1DE4D99}.Ad-Hoc|iPhoneSimulator.ActiveCfg = Release|Any CPU
		{C703881B-73C0-4D75-893E-AB6AA1DE4D99}.Ad-Hoc|iPhoneSimulator.Build.0 = Release|Any CPU
		{C703881B-73C0-4D75-893E-AB6AA1DE4D99}.Ad-Hoc|iPhoneSimulator.Deploy.0 = Release|Any CPU
		{C703881B-73C0-4D75-893E-AB6AA1DE4D99}.Ad-Hoc|x64.ActiveCfg = Release|Any CPU
		{C703881B-73C0-4D75-893E-AB6AA1DE4D99}.Ad-Hoc|x64.Build.0 = Release|Any CPU
		{C703881B-73C0-4D75-893E-AB6AA1DE4D99}.Ad-Hoc|x64.Deploy.0 = Release|Any CPU
		{C703881B-73C0-4D75-893E-AB6AA1DE4D99}.Ad-Hoc|x86.ActiveCfg = Release|x86
		{C703881B-73C0-4D75-893E-AB6AA1DE4D99}.Ad-Hoc|x86.Build.0 = Release|x86
		{C703881B-73C0-4D75-893E-AB6AA1DE4D99}.Ad-Hoc|x86.Deploy.0 = Release|x86
		{C703881B-73C0-4D75-893E-AB6AA1DE4D99}.AppStore|Any CPU.ActiveCfg = Release|Any CPU
		{C703881B-73C0-4D75-893E-AB6AA1DE4D99}.AppStore|Any CPU.Build.0 = Release|Any CPU
		{C703881B-73C0-4D75-893E-AB6AA1DE4D99}.AppStore|Any CPU.Deploy.0 = Release|Any CPU
		{C703881B-73C0-4D75-893E-AB6AA1DE4D99}.AppStore|ARM.ActiveCfg = Release|ARM
		{C703881B-73C0-4D75-893E-AB6AA1DE4D99}.AppStore|ARM.Build.0 = Release|ARM
		{C703881B-73C0-4D75-893E-AB6AA1DE4D99}.AppStore|ARM.Deploy.0 = Release|ARM
		{C703881B-73C0-4D75-893E-AB6AA1DE4D99}.AppStore|iPhone.ActiveCfg = Release|Any CPU
		{C703881B-73C0-4D75-893E-AB6AA1DE4D99}.AppStore|iPhone.Build.0 = Release|Any CPU
		{C703881B-73C0-4D75-893E-AB6AA1DE4D99}.AppStore|iPhone.Deploy.0 = Release|Any CPU
		{C703881B-73C0-4D75-893E-AB6AA1DE4D99}.AppStore|iPhoneSimulator.ActiveCfg = Release|Any CPU
		{C703881B-73C0-4D75-893E-AB6AA1DE4D99}.AppStore|iPhoneSimulator.Build.0 = Release|Any CPU
		{C703881B-73C0-4D75-893E-AB6AA1DE4D99}.AppStore|iPhoneSimulator.Deploy.0 = Release|Any CPU
		{C703881B-73C0-4D75-893E-AB6AA1DE4D99}.AppStore|x64.ActiveCfg = Release|Any CPU
		{C703881B-73C0-4D75-893E-AB6AA1DE4D99}.AppStore|x64.Build.0 = Release|Any CPU
		{C703881B-73C0-4D75-893E-AB6AA1DE4D99}.AppStore|x64.Deploy.0 = Release|Any CPU
		{C703881B-73C0-4D75-893E-AB6AA1DE4D99}.AppStore|x86.ActiveCfg = Release|x86
		{C703881B-73C0-4D75-893E-AB6AA1DE4D99}.AppStore|x86.Build.0 = Release|x86
		{C703881B-73C0-4D75-893E-AB6AA1DE4D99}.AppStore|x86.Deploy.0 = Release|x86
		{C703881B-73C0-4D75-893E-AB6AA1DE4D99}.Debug|Any CPU.ActiveCfg = Debug|Any CPU
		{C703881B-73C0-4D75-893E-AB6AA1DE4D99}.Debug|Any CPU.Build.0 = Debug|Any CPU
		{C703881B-73C0-4D75-893E-AB6AA1DE4D99}.Debug|Any CPU.Deploy.0 = Debug|Any CPU
		{C703881B-73C0-4D75-893E-AB6AA1DE4D99}.Debug|ARM.ActiveCfg = Debug|ARM
		{C703881B-73C0-4D75-893E-AB6AA1DE4D99}.Debug|ARM.Build.0 = Debug|ARM
		{C703881B-73C0-4D75-893E-AB6AA1DE4D99}.Debug|ARM.Deploy.0 = Debug|ARM
		{C703881B-73C0-4D75-893E-AB6AA1DE4D99}.Debug|iPhone.ActiveCfg = Debug|Any CPU
		{C703881B-73C0-4D75-893E-AB6AA1DE4D99}.Debug|iPhone.Build.0 = Debug|Any CPU
		{C703881B-73C0-4D75-893E-AB6AA1DE4D99}.Debug|iPhone.Deploy.0 = Debug|Any CPU
		{C703881B-73C0-4D75-893E-AB6AA1DE4D99}.Debug|iPhoneSimulator.ActiveCfg = Debug|Any CPU
		{C703881B-73C0-4D75-893E-AB6AA1DE4D99}.Debug|iPhoneSimulator.Build.0 = Debug|Any CPU
		{C703881B-73C0-4D75-893E-AB6AA1DE4D99}.Debug|iPhoneSimulator.Deploy.0 = Debug|Any CPU
		{C703881B-73C0-4D75-893E-AB6AA1DE4D99}.Debug|x64.ActiveCfg = Debug|Any CPU
		{C703881B-73C0-4D75-893E-AB6AA1DE4D99}.Debug|x64.Build.0 = Debug|Any CPU
		{C703881B-73C0-4D75-893E-AB6AA1DE4D99}.Debug|x64.Deploy.0 = Debug|Any CPU
		{C703881B-73C0-4D75-893E-AB6AA1DE4D99}.Debug|x86.ActiveCfg = Debug|x86
		{C703881B-73C0-4D75-893E-AB6AA1DE4D99}.Debug|x86.Build.0 = Debug|x86
		{C703881B-73C0-4D75-893E-AB6AA1DE4D99}.Debug|x86.Deploy.0 = Debug|x86
		{C703881B-73C0-4D75-893E-AB6AA1DE4D99}.Release|Any CPU.ActiveCfg = Release|Any CPU
		{C703881B-73C0-4D75-893E-AB6AA1DE4D99}.Release|Any CPU.Build.0 = Release|Any CPU
		{C703881B-73C0-4D75-893E-AB6AA1DE4D99}.Release|Any CPU.Deploy.0 = Release|Any CPU
		{C703881B-73C0-4D75-893E-AB6AA1DE4D99}.Release|ARM.ActiveCfg = Release|ARM
		{C703881B-73C0-4D75-893E-AB6AA1DE4D99}.Release|ARM.Build.0 = Release|ARM
		{C703881B-73C0-4D75-893E-AB6AA1DE4D99}.Release|ARM.Deploy.0 = Release|ARM
		{C703881B-73C0-4D75-893E-AB6AA1DE4D99}.Release|iPhone.ActiveCfg = Release|Any CPU
		{C703881B-73C0-4D75-893E-AB6AA1DE4D99}.Release|iPhone.Build.0 = Release|Any CPU
		{C703881B-73C0-4D75-893E-AB6AA1DE4D99}.Release|iPhone.Deploy.0 = Release|Any CPU
		{C703881B-73C0-4D75-893E-AB6AA1DE4D99}.Release|iPhoneSimulator.ActiveCfg = Release|Any CPU
		{C703881B-73C0-4D75-893E-AB6AA1DE4D99}.Release|iPhoneSimulator.Build.0 = Release|Any CPU
		{C703881B-73C0-4D75-893E-AB6AA1DE4D99}.Release|iPhoneSimulator.Deploy.0 = Release|Any CPU
		{C703881B-73C0-4D75-893E-AB6AA1DE4D99}.Release|x64.ActiveCfg = Release|Any CPU
		{C703881B-73C0-4D75-893E-AB6AA1DE4D99}.Release|x64.Build.0 = Release|Any CPU
		{C703881B-73C0-4D75-893E-AB6AA1DE4D99}.Release|x64.Deploy.0 = Release|Any CPU
		{C703881B-73C0-4D75-893E-AB6AA1DE4D99}.Release|x86.ActiveCfg = Release|x86
		{C703881B-73C0-4D75-893E-AB6AA1DE4D99}.Release|x86.Build.0 = Release|x86
		{C703881B-73C0-4D75-893E-AB6AA1DE4D99}.Release|x86.Deploy.0 = Release|x86
		{4FACB64F-EC5C-4ED9-9DC9-6E1A045B03C8}.Ad-Hoc|Any CPU.ActiveCfg = Release|x86
		{4FACB64F-EC5C-4ED9-9DC9-6E1A045B03C8}.Ad-Hoc|Any CPU.Build.0 = Release|x86
		{4FACB64F-EC5C-4ED9-9DC9-6E1A045B03C8}.Ad-Hoc|Any CPU.Deploy.0 = Release|x86
		{4FACB64F-EC5C-4ED9-9DC9-6E1A045B03C8}.Ad-Hoc|ARM.ActiveCfg = Release|ARM
		{4FACB64F-EC5C-4ED9-9DC9-6E1A045B03C8}.Ad-Hoc|ARM.Build.0 = Release|ARM
		{4FACB64F-EC5C-4ED9-9DC9-6E1A045B03C8}.Ad-Hoc|ARM.Deploy.0 = Release|ARM
		{4FACB64F-EC5C-4ED9-9DC9-6E1A045B03C8}.Ad-Hoc|iPhone.ActiveCfg = Release|x86
		{4FACB64F-EC5C-4ED9-9DC9-6E1A045B03C8}.Ad-Hoc|iPhone.Build.0 = Release|x86
		{4FACB64F-EC5C-4ED9-9DC9-6E1A045B03C8}.Ad-Hoc|iPhone.Deploy.0 = Release|x86
		{4FACB64F-EC5C-4ED9-9DC9-6E1A045B03C8}.Ad-Hoc|iPhoneSimulator.ActiveCfg = Release|x86
		{4FACB64F-EC5C-4ED9-9DC9-6E1A045B03C8}.Ad-Hoc|iPhoneSimulator.Build.0 = Release|x86
		{4FACB64F-EC5C-4ED9-9DC9-6E1A045B03C8}.Ad-Hoc|iPhoneSimulator.Deploy.0 = Release|x86
		{4FACB64F-EC5C-4ED9-9DC9-6E1A045B03C8}.Ad-Hoc|x64.ActiveCfg = Release|x64
		{4FACB64F-EC5C-4ED9-9DC9-6E1A045B03C8}.Ad-Hoc|x64.Build.0 = Release|x64
		{4FACB64F-EC5C-4ED9-9DC9-6E1A045B03C8}.Ad-Hoc|x64.Deploy.0 = Release|x64
		{4FACB64F-EC5C-4ED9-9DC9-6E1A045B03C8}.Ad-Hoc|x86.ActiveCfg = Release|x86
		{4FACB64F-EC5C-4ED9-9DC9-6E1A045B03C8}.Ad-Hoc|x86.Build.0 = Release|x86
		{4FACB64F-EC5C-4ED9-9DC9-6E1A045B03C8}.Ad-Hoc|x86.Deploy.0 = Release|x86
		{4FACB64F-EC5C-4ED9-9DC9-6E1A045B03C8}.AppStore|Any CPU.ActiveCfg = Release|x86
		{4FACB64F-EC5C-4ED9-9DC9-6E1A045B03C8}.AppStore|Any CPU.Build.0 = Release|x86
		{4FACB64F-EC5C-4ED9-9DC9-6E1A045B03C8}.AppStore|Any CPU.Deploy.0 = Release|x86
		{4FACB64F-EC5C-4ED9-9DC9-6E1A045B03C8}.AppStore|ARM.ActiveCfg = Release|ARM
		{4FACB64F-EC5C-4ED9-9DC9-6E1A045B03C8}.AppStore|ARM.Build.0 = Release|ARM
		{4FACB64F-EC5C-4ED9-9DC9-6E1A045B03C8}.AppStore|ARM.Deploy.0 = Release|ARM
		{4FACB64F-EC5C-4ED9-9DC9-6E1A045B03C8}.AppStore|iPhone.ActiveCfg = Release|x86
		{4FACB64F-EC5C-4ED9-9DC9-6E1A045B03C8}.AppStore|iPhone.Build.0 = Release|x86
		{4FACB64F-EC5C-4ED9-9DC9-6E1A045B03C8}.AppStore|iPhone.Deploy.0 = Release|x86
		{4FACB64F-EC5C-4ED9-9DC9-6E1A045B03C8}.AppStore|iPhoneSimulator.ActiveCfg = Release|x86
		{4FACB64F-EC5C-4ED9-9DC9-6E1A045B03C8}.AppStore|iPhoneSimulator.Build.0 = Release|x86
		{4FACB64F-EC5C-4ED9-9DC9-6E1A045B03C8}.AppStore|iPhoneSimulator.Deploy.0 = Release|x86
		{4FACB64F-EC5C-4ED9-9DC9-6E1A045B03C8}.AppStore|x64.ActiveCfg = Release|x64
		{4FACB64F-EC5C-4ED9-9DC9-6E1A045B03C8}.AppStore|x64.Build.0 = Release|x64
		{4FACB64F-EC5C-4ED9-9DC9-6E1A045B03C8}.AppStore|x64.Deploy.0 = Release|x64
		{4FACB64F-EC5C-4ED9-9DC9-6E1A045B03C8}.AppStore|x86.ActiveCfg = Release|x86
		{4FACB64F-EC5C-4ED9-9DC9-6E1A045B03C8}.AppStore|x86.Build.0 = Release|x86
		{4FACB64F-EC5C-4ED9-9DC9-6E1A045B03C8}.AppStore|x86.Deploy.0 = Release|x86
		{4FACB64F-EC5C-4ED9-9DC9-6E1A045B03C8}.Debug|Any CPU.ActiveCfg = Debug|x86
		{4FACB64F-EC5C-4ED9-9DC9-6E1A045B03C8}.Debug|ARM.ActiveCfg = Debug|ARM
		{4FACB64F-EC5C-4ED9-9DC9-6E1A045B03C8}.Debug|ARM.Build.0 = Debug|ARM
		{4FACB64F-EC5C-4ED9-9DC9-6E1A045B03C8}.Debug|ARM.Deploy.0 = Debug|ARM
		{4FACB64F-EC5C-4ED9-9DC9-6E1A045B03C8}.Debug|iPhone.ActiveCfg = Debug|x86
		{4FACB64F-EC5C-4ED9-9DC9-6E1A045B03C8}.Debug|iPhoneSimulator.ActiveCfg = Debug|x86
		{4FACB64F-EC5C-4ED9-9DC9-6E1A045B03C8}.Debug|x64.ActiveCfg = Debug|x64
		{4FACB64F-EC5C-4ED9-9DC9-6E1A045B03C8}.Debug|x64.Build.0 = Debug|x64
		{4FACB64F-EC5C-4ED9-9DC9-6E1A045B03C8}.Debug|x64.Deploy.0 = Debug|x64
		{4FACB64F-EC5C-4ED9-9DC9-6E1A045B03C8}.Debug|x86.ActiveCfg = Debug|x86
		{4FACB64F-EC5C-4ED9-9DC9-6E1A045B03C8}.Debug|x86.Build.0 = Debug|x86
		{4FACB64F-EC5C-4ED9-9DC9-6E1A045B03C8}.Debug|x86.Deploy.0 = Debug|x86
		{4FACB64F-EC5C-4ED9-9DC9-6E1A045B03C8}.Release|Any CPU.ActiveCfg = Release|x86
		{4FACB64F-EC5C-4ED9-9DC9-6E1A045B03C8}.Release|ARM.ActiveCfg = Release|ARM
		{4FACB64F-EC5C-4ED9-9DC9-6E1A045B03C8}.Release|ARM.Build.0 = Release|ARM
		{4FACB64F-EC5C-4ED9-9DC9-6E1A045B03C8}.Release|ARM.Deploy.0 = Release|ARM
		{4FACB64F-EC5C-4ED9-9DC9-6E1A045B03C8}.Release|iPhone.ActiveCfg = Release|x86
		{4FACB64F-EC5C-4ED9-9DC9-6E1A045B03C8}.Release|iPhoneSimulator.ActiveCfg = Release|x86
		{4FACB64F-EC5C-4ED9-9DC9-6E1A045B03C8}.Release|x64.ActiveCfg = Release|x64
		{4FACB64F-EC5C-4ED9-9DC9-6E1A045B03C8}.Release|x64.Build.0 = Release|x64
		{4FACB64F-EC5C-4ED9-9DC9-6E1A045B03C8}.Release|x64.Deploy.0 = Release|x64
		{4FACB64F-EC5C-4ED9-9DC9-6E1A045B03C8}.Release|x86.ActiveCfg = Release|x86
		{4FACB64F-EC5C-4ED9-9DC9-6E1A045B03C8}.Release|x86.Build.0 = Release|x86
		{4FACB64F-EC5C-4ED9-9DC9-6E1A045B03C8}.Release|x86.Deploy.0 = Release|x86
		{AF908458-1FEA-452A-A73F-A1A96C126656}.Ad-Hoc|Any CPU.ActiveCfg = Release|Any CPU
		{AF908458-1FEA-452A-A73F-A1A96C126656}.Ad-Hoc|Any CPU.Build.0 = Release|Any CPU
		{AF908458-1FEA-452A-A73F-A1A96C126656}.Ad-Hoc|Any CPU.Deploy.0 = Release|Any CPU
		{AF908458-1FEA-452A-A73F-A1A96C126656}.Ad-Hoc|ARM.ActiveCfg = Release|ARM
		{AF908458-1FEA-452A-A73F-A1A96C126656}.Ad-Hoc|ARM.Build.0 = Release|ARM
		{AF908458-1FEA-452A-A73F-A1A96C126656}.Ad-Hoc|ARM.Deploy.0 = Release|ARM
		{AF908458-1FEA-452A-A73F-A1A96C126656}.Ad-Hoc|iPhone.ActiveCfg = Release|Any CPU
		{AF908458-1FEA-452A-A73F-A1A96C126656}.Ad-Hoc|iPhone.Build.0 = Release|Any CPU
		{AF908458-1FEA-452A-A73F-A1A96C126656}.Ad-Hoc|iPhone.Deploy.0 = Release|Any CPU
		{AF908458-1FEA-452A-A73F-A1A96C126656}.Ad-Hoc|iPhoneSimulator.ActiveCfg = Release|Any CPU
		{AF908458-1FEA-452A-A73F-A1A96C126656}.Ad-Hoc|iPhoneSimulator.Build.0 = Release|Any CPU
		{AF908458-1FEA-452A-A73F-A1A96C126656}.Ad-Hoc|iPhoneSimulator.Deploy.0 = Release|Any CPU
		{AF908458-1FEA-452A-A73F-A1A96C126656}.Ad-Hoc|x64.ActiveCfg = Release|x64
		{AF908458-1FEA-452A-A73F-A1A96C126656}.Ad-Hoc|x64.Build.0 = Release|x64
		{AF908458-1FEA-452A-A73F-A1A96C126656}.Ad-Hoc|x64.Deploy.0 = Release|x64
		{AF908458-1FEA-452A-A73F-A1A96C126656}.Ad-Hoc|x86.ActiveCfg = Release|x86
		{AF908458-1FEA-452A-A73F-A1A96C126656}.Ad-Hoc|x86.Build.0 = Release|x86
		{AF908458-1FEA-452A-A73F-A1A96C126656}.Ad-Hoc|x86.Deploy.0 = Release|x86
		{AF908458-1FEA-452A-A73F-A1A96C126656}.AppStore|Any CPU.ActiveCfg = Release|Any CPU
		{AF908458-1FEA-452A-A73F-A1A96C126656}.AppStore|Any CPU.Build.0 = Release|Any CPU
		{AF908458-1FEA-452A-A73F-A1A96C126656}.AppStore|Any CPU.Deploy.0 = Release|Any CPU
		{AF908458-1FEA-452A-A73F-A1A96C126656}.AppStore|ARM.ActiveCfg = Release|ARM
		{AF908458-1FEA-452A-A73F-A1A96C126656}.AppStore|ARM.Build.0 = Release|ARM
		{AF908458-1FEA-452A-A73F-A1A96C126656}.AppStore|ARM.Deploy.0 = Release|ARM
		{AF908458-1FEA-452A-A73F-A1A96C126656}.AppStore|iPhone.ActiveCfg = Release|Any CPU
		{AF908458-1FEA-452A-A73F-A1A96C126656}.AppStore|iPhone.Build.0 = Release|Any CPU
		{AF908458-1FEA-452A-A73F-A1A96C126656}.AppStore|iPhone.Deploy.0 = Release|Any CPU
		{AF908458-1FEA-452A-A73F-A1A96C126656}.AppStore|iPhoneSimulator.ActiveCfg = Release|Any CPU
		{AF908458-1FEA-452A-A73F-A1A96C126656}.AppStore|iPhoneSimulator.Build.0 = Release|Any CPU
		{AF908458-1FEA-452A-A73F-A1A96C126656}.AppStore|iPhoneSimulator.Deploy.0 = Release|Any CPU
		{AF908458-1FEA-452A-A73F-A1A96C126656}.AppStore|x64.ActiveCfg = Release|x64
		{AF908458-1FEA-452A-A73F-A1A96C126656}.AppStore|x64.Build.0 = Release|x64
		{AF908458-1FEA-452A-A73F-A1A96C126656}.AppStore|x64.Deploy.0 = Release|x64
		{AF908458-1FEA-452A-A73F-A1A96C126656}.AppStore|x86.ActiveCfg = Release|x86
		{AF908458-1FEA-452A-A73F-A1A96C126656}.AppStore|x86.Build.0 = Release|x86
		{AF908458-1FEA-452A-A73F-A1A96C126656}.AppStore|x86.Deploy.0 = Release|x86
		{AF908458-1FEA-452A-A73F-A1A96C126656}.Debug|Any CPU.ActiveCfg = Debug|Any CPU
		{AF908458-1FEA-452A-A73F-A1A96C126656}.Debug|Any CPU.Build.0 = Debug|Any CPU
		{AF908458-1FEA-452A-A73F-A1A96C126656}.Debug|Any CPU.Deploy.0 = Debug|Any CPU
		{AF908458-1FEA-452A-A73F-A1A96C126656}.Debug|ARM.ActiveCfg = Debug|ARM
		{AF908458-1FEA-452A-A73F-A1A96C126656}.Debug|ARM.Build.0 = Debug|ARM
		{AF908458-1FEA-452A-A73F-A1A96C126656}.Debug|ARM.Deploy.0 = Debug|ARM
		{AF908458-1FEA-452A-A73F-A1A96C126656}.Debug|iPhone.ActiveCfg = Debug|Any CPU
		{AF908458-1FEA-452A-A73F-A1A96C126656}.Debug|iPhone.Build.0 = Debug|Any CPU
		{AF908458-1FEA-452A-A73F-A1A96C126656}.Debug|iPhone.Deploy.0 = Debug|Any CPU
		{AF908458-1FEA-452A-A73F-A1A96C126656}.Debug|iPhoneSimulator.ActiveCfg = Debug|Any CPU
		{AF908458-1FEA-452A-A73F-A1A96C126656}.Debug|iPhoneSimulator.Build.0 = Debug|Any CPU
		{AF908458-1FEA-452A-A73F-A1A96C126656}.Debug|iPhoneSimulator.Deploy.0 = Debug|Any CPU
		{AF908458-1FEA-452A-A73F-A1A96C126656}.Debug|x64.ActiveCfg = Debug|x64
		{AF908458-1FEA-452A-A73F-A1A96C126656}.Debug|x64.Build.0 = Debug|x64
		{AF908458-1FEA-452A-A73F-A1A96C126656}.Debug|x64.Deploy.0 = Debug|x64
		{AF908458-1FEA-452A-A73F-A1A96C126656}.Debug|x86.ActiveCfg = Debug|x86
		{AF908458-1FEA-452A-A73F-A1A96C126656}.Debug|x86.Build.0 = Debug|x86
		{AF908458-1FEA-452A-A73F-A1A96C126656}.Debug|x86.Deploy.0 = Debug|x86
		{AF908458-1FEA-452A-A73F-A1A96C126656}.Release|Any CPU.ActiveCfg = Release|Any CPU
		{AF908458-1FEA-452A-A73F-A1A96C126656}.Release|Any CPU.Build.0 = Release|Any CPU
		{AF908458-1FEA-452A-A73F-A1A96C126656}.Release|Any CPU.Deploy.0 = Release|Any CPU
		{AF908458-1FEA-452A-A73F-A1A96C126656}.Release|ARM.ActiveCfg = Release|ARM
		{AF908458-1FEA-452A-A73F-A1A96C126656}.Release|ARM.Build.0 = Release|ARM
		{AF908458-1FEA-452A-A73F-A1A96C126656}.Release|ARM.Deploy.0 = Release|ARM
		{AF908458-1FEA-452A-A73F-A1A96C126656}.Release|iPhone.ActiveCfg = Release|Any CPU
		{AF908458-1FEA-452A-A73F-A1A96C126656}.Release|iPhone.Build.0 = Release|Any CPU
		{AF908458-1FEA-452A-A73F-A1A96C126656}.Release|iPhone.Deploy.0 = Release|Any CPU
		{AF908458-1FEA-452A-A73F-A1A96C126656}.Release|iPhoneSimulator.ActiveCfg = Release|Any CPU
		{AF908458-1FEA-452A-A73F-A1A96C126656}.Release|iPhoneSimulator.Build.0 = Release|Any CPU
		{AF908458-1FEA-452A-A73F-A1A96C126656}.Release|iPhoneSimulator.Deploy.0 = Release|Any CPU
		{AF908458-1FEA-452A-A73F-A1A96C126656}.Release|x64.ActiveCfg = Release|x64
		{AF908458-1FEA-452A-A73F-A1A96C126656}.Release|x64.Build.0 = Release|x64
		{AF908458-1FEA-452A-A73F-A1A96C126656}.Release|x64.Deploy.0 = Release|x64
		{AF908458-1FEA-452A-A73F-A1A96C126656}.Release|x86.ActiveCfg = Release|x86
		{AF908458-1FEA-452A-A73F-A1A96C126656}.Release|x86.Build.0 = Release|x86
		{AF908458-1FEA-452A-A73F-A1A96C126656}.Release|x86.Deploy.0 = Release|x86
		{1E535138-25E4-40A3-A3ED-AC3CEF23E567}.Ad-Hoc|Any CPU.ActiveCfg = Release|Any CPU
		{1E535138-25E4-40A3-A3ED-AC3CEF23E567}.Ad-Hoc|Any CPU.Build.0 = Release|Any CPU
		{1E535138-25E4-40A3-A3ED-AC3CEF23E567}.Ad-Hoc|ARM.ActiveCfg = Release|Any CPU
		{1E535138-25E4-40A3-A3ED-AC3CEF23E567}.Ad-Hoc|ARM.Build.0 = Release|Any CPU
		{1E535138-25E4-40A3-A3ED-AC3CEF23E567}.Ad-Hoc|iPhone.ActiveCfg = Release|Any CPU
		{1E535138-25E4-40A3-A3ED-AC3CEF23E567}.Ad-Hoc|iPhone.Build.0 = Release|Any CPU
		{1E535138-25E4-40A3-A3ED-AC3CEF23E567}.Ad-Hoc|iPhoneSimulator.ActiveCfg = Release|Any CPU
		{1E535138-25E4-40A3-A3ED-AC3CEF23E567}.Ad-Hoc|iPhoneSimulator.Build.0 = Release|Any CPU
		{1E535138-25E4-40A3-A3ED-AC3CEF23E567}.Ad-Hoc|x64.ActiveCfg = Release|Any CPU
		{1E535138-25E4-40A3-A3ED-AC3CEF23E567}.Ad-Hoc|x64.Build.0 = Release|Any CPU
		{1E535138-25E4-40A3-A3ED-AC3CEF23E567}.Ad-Hoc|x86.ActiveCfg = Release|Any CPU
		{1E535138-25E4-40A3-A3ED-AC3CEF23E567}.Ad-Hoc|x86.Build.0 = Release|Any CPU
		{1E535138-25E4-40A3-A3ED-AC3CEF23E567}.AppStore|Any CPU.ActiveCfg = Release|Any CPU
		{1E535138-25E4-40A3-A3ED-AC3CEF23E567}.AppStore|Any CPU.Build.0 = Release|Any CPU
		{1E535138-25E4-40A3-A3ED-AC3CEF23E567}.AppStore|ARM.ActiveCfg = Release|Any CPU
		{1E535138-25E4-40A3-A3ED-AC3CEF23E567}.AppStore|ARM.Build.0 = Release|Any CPU
		{1E535138-25E4-40A3-A3ED-AC3CEF23E567}.AppStore|iPhone.ActiveCfg = Release|Any CPU
		{1E535138-25E4-40A3-A3ED-AC3CEF23E567}.AppStore|iPhone.Build.0 = Release|Any CPU
		{1E535138-25E4-40A3-A3ED-AC3CEF23E567}.AppStore|iPhoneSimulator.ActiveCfg = Release|Any CPU
		{1E535138-25E4-40A3-A3ED-AC3CEF23E567}.AppStore|iPhoneSimulator.Build.0 = Release|Any CPU
		{1E535138-25E4-40A3-A3ED-AC3CEF23E567}.AppStore|x64.ActiveCfg = Release|Any CPU
		{1E535138-25E4-40A3-A3ED-AC3CEF23E567}.AppStore|x64.Build.0 = Release|Any CPU
		{1E535138-25E4-40A3-A3ED-AC3CEF23E567}.AppStore|x86.ActiveCfg = Release|Any CPU
		{1E535138-25E4-40A3-A3ED-AC3CEF23E567}.AppStore|x86.Build.0 = Release|Any CPU
		{1E535138-25E4-40A3-A3ED-AC3CEF23E567}.Debug|Any CPU.ActiveCfg = Debug|Any CPU
		{1E535138-25E4-40A3-A3ED-AC3CEF23E567}.Debug|Any CPU.Build.0 = Debug|Any CPU
		{1E535138-25E4-40A3-A3ED-AC3CEF23E567}.Debug|ARM.ActiveCfg = Debug|Any CPU
		{1E535138-25E4-40A3-A3ED-AC3CEF23E567}.Debug|ARM.Build.0 = Debug|Any CPU
		{1E535138-25E4-40A3-A3ED-AC3CEF23E567}.Debug|iPhone.ActiveCfg = Debug|Any CPU
		{1E535138-25E4-40A3-A3ED-AC3CEF23E567}.Debug|iPhone.Build.0 = Debug|Any CPU
		{1E535138-25E4-40A3-A3ED-AC3CEF23E567}.Debug|iPhoneSimulator.ActiveCfg = Debug|Any CPU
		{1E535138-25E4-40A3-A3ED-AC3CEF23E567}.Debug|iPhoneSimulator.Build.0 = Debug|Any CPU
		{1E535138-25E4-40A3-A3ED-AC3CEF23E567}.Debug|x64.ActiveCfg = Debug|Any CPU
		{1E535138-25E4-40A3-A3ED-AC3CEF23E567}.Debug|x64.Build.0 = Debug|Any CPU
		{1E535138-25E4-40A3-A3ED-AC3CEF23E567}.Debug|x86.ActiveCfg = Debug|Any CPU
		{1E535138-25E4-40A3-A3ED-AC3CEF23E567}.Debug|x86.Build.0 = Debug|Any CPU
		{1E535138-25E4-40A3-A3ED-AC3CEF23E567}.Release|Any CPU.ActiveCfg = Release|Any CPU
		{1E535138-25E4-40A3-A3ED-AC3CEF23E567}.Release|Any CPU.Build.0 = Release|Any CPU
		{1E535138-25E4-40A3-A3ED-AC3CEF23E567}.Release|ARM.ActiveCfg = Release|Any CPU
		{1E535138-25E4-40A3-A3ED-AC3CEF23E567}.Release|ARM.Build.0 = Release|Any CPU
		{1E535138-25E4-40A3-A3ED-AC3CEF23E567}.Release|iPhone.ActiveCfg = Release|Any CPU
		{1E535138-25E4-40A3-A3ED-AC3CEF23E567}.Release|iPhone.Build.0 = Release|Any CPU
		{1E535138-25E4-40A3-A3ED-AC3CEF23E567}.Release|iPhoneSimulator.ActiveCfg = Release|Any CPU
		{1E535138-25E4-40A3-A3ED-AC3CEF23E567}.Release|iPhoneSimulator.Build.0 = Release|Any CPU
		{1E535138-25E4-40A3-A3ED-AC3CEF23E567}.Release|x64.ActiveCfg = Release|Any CPU
		{1E535138-25E4-40A3-A3ED-AC3CEF23E567}.Release|x64.Build.0 = Release|Any CPU
		{1E535138-25E4-40A3-A3ED-AC3CEF23E567}.Release|x86.ActiveCfg = Release|Any CPU
		{1E535138-25E4-40A3-A3ED-AC3CEF23E567}.Release|x86.Build.0 = Release|Any CPU
		{B0C683F2-1824-4636-8FB7-2DC0F00312A7}.Ad-Hoc|Any CPU.ActiveCfg = Release|Any CPU
		{B0C683F2-1824-4636-8FB7-2DC0F00312A7}.Ad-Hoc|Any CPU.Build.0 = Release|Any CPU
		{B0C683F2-1824-4636-8FB7-2DC0F00312A7}.Ad-Hoc|ARM.ActiveCfg = Release|Any CPU
		{B0C683F2-1824-4636-8FB7-2DC0F00312A7}.Ad-Hoc|ARM.Build.0 = Release|Any CPU
		{B0C683F2-1824-4636-8FB7-2DC0F00312A7}.Ad-Hoc|iPhone.ActiveCfg = Release|Any CPU
		{B0C683F2-1824-4636-8FB7-2DC0F00312A7}.Ad-Hoc|iPhone.Build.0 = Release|Any CPU
		{B0C683F2-1824-4636-8FB7-2DC0F00312A7}.Ad-Hoc|iPhoneSimulator.ActiveCfg = Release|Any CPU
		{B0C683F2-1824-4636-8FB7-2DC0F00312A7}.Ad-Hoc|iPhoneSimulator.Build.0 = Release|Any CPU
		{B0C683F2-1824-4636-8FB7-2DC0F00312A7}.Ad-Hoc|x64.ActiveCfg = Release|Any CPU
		{B0C683F2-1824-4636-8FB7-2DC0F00312A7}.Ad-Hoc|x64.Build.0 = Release|Any CPU
		{B0C683F2-1824-4636-8FB7-2DC0F00312A7}.Ad-Hoc|x86.ActiveCfg = Release|Any CPU
		{B0C683F2-1824-4636-8FB7-2DC0F00312A7}.Ad-Hoc|x86.Build.0 = Release|Any CPU
		{B0C683F2-1824-4636-8FB7-2DC0F00312A7}.AppStore|Any CPU.ActiveCfg = Release|Any CPU
		{B0C683F2-1824-4636-8FB7-2DC0F00312A7}.AppStore|Any CPU.Build.0 = Release|Any CPU
		{B0C683F2-1824-4636-8FB7-2DC0F00312A7}.AppStore|ARM.ActiveCfg = Release|Any CPU
		{B0C683F2-1824-4636-8FB7-2DC0F00312A7}.AppStore|ARM.Build.0 = Release|Any CPU
		{B0C683F2-1824-4636-8FB7-2DC0F00312A7}.AppStore|iPhone.ActiveCfg = Release|Any CPU
		{B0C683F2-1824-4636-8FB7-2DC0F00312A7}.AppStore|iPhone.Build.0 = Release|Any CPU
		{B0C683F2-1824-4636-8FB7-2DC0F00312A7}.AppStore|iPhoneSimulator.ActiveCfg = Release|Any CPU
		{B0C683F2-1824-4636-8FB7-2DC0F00312A7}.AppStore|iPhoneSimulator.Build.0 = Release|Any CPU
		{B0C683F2-1824-4636-8FB7-2DC0F00312A7}.AppStore|x64.ActiveCfg = Release|Any CPU
		{B0C683F2-1824-4636-8FB7-2DC0F00312A7}.AppStore|x64.Build.0 = Release|Any CPU
		{B0C683F2-1824-4636-8FB7-2DC0F00312A7}.AppStore|x86.ActiveCfg = Release|Any CPU
		{B0C683F2-1824-4636-8FB7-2DC0F00312A7}.AppStore|x86.Build.0 = Release|Any CPU
		{B0C683F2-1824-4636-8FB7-2DC0F00312A7}.Debug|Any CPU.ActiveCfg = Debug|Any CPU
		{B0C683F2-1824-4636-8FB7-2DC0F00312A7}.Debug|Any CPU.Build.0 = Debug|Any CPU
		{B0C683F2-1824-4636-8FB7-2DC0F00312A7}.Debug|ARM.ActiveCfg = Debug|Any CPU
		{B0C683F2-1824-4636-8FB7-2DC0F00312A7}.Debug|ARM.Build.0 = Debug|Any CPU
		{B0C683F2-1824-4636-8FB7-2DC0F00312A7}.Debug|iPhone.ActiveCfg = Debug|Any CPU
		{B0C683F2-1824-4636-8FB7-2DC0F00312A7}.Debug|iPhone.Build.0 = Debug|Any CPU
		{B0C683F2-1824-4636-8FB7-2DC0F00312A7}.Debug|iPhoneSimulator.ActiveCfg = Debug|Any CPU
		{B0C683F2-1824-4636-8FB7-2DC0F00312A7}.Debug|iPhoneSimulator.Build.0 = Debug|Any CPU
		{B0C683F2-1824-4636-8FB7-2DC0F00312A7}.Debug|x64.ActiveCfg = Debug|Any CPU
		{B0C683F2-1824-4636-8FB7-2DC0F00312A7}.Debug|x64.Build.0 = Debug|Any CPU
		{B0C683F2-1824-4636-8FB7-2DC0F00312A7}.Debug|x86.ActiveCfg = Debug|Any CPU
		{B0C683F2-1824-4636-8FB7-2DC0F00312A7}.Debug|x86.Build.0 = Debug|Any CPU
		{B0C683F2-1824-4636-8FB7-2DC0F00312A7}.Release|Any CPU.ActiveCfg = Release|Any CPU
		{B0C683F2-1824-4636-8FB7-2DC0F00312A7}.Release|Any CPU.Build.0 = Release|Any CPU
		{B0C683F2-1824-4636-8FB7-2DC0F00312A7}.Release|ARM.ActiveCfg = Release|Any CPU
		{B0C683F2-1824-4636-8FB7-2DC0F00312A7}.Release|ARM.Build.0 = Release|Any CPU
		{B0C683F2-1824-4636-8FB7-2DC0F00312A7}.Release|iPhone.ActiveCfg = Release|Any CPU
		{B0C683F2-1824-4636-8FB7-2DC0F00312A7}.Release|iPhone.Build.0 = Release|Any CPU
		{B0C683F2-1824-4636-8FB7-2DC0F00312A7}.Release|iPhoneSimulator.ActiveCfg = Release|Any CPU
		{B0C683F2-1824-4636-8FB7-2DC0F00312A7}.Release|iPhoneSimulator.Build.0 = Release|Any CPU
		{B0C683F2-1824-4636-8FB7-2DC0F00312A7}.Release|x64.ActiveCfg = Release|Any CPU
		{B0C683F2-1824-4636-8FB7-2DC0F00312A7}.Release|x64.Build.0 = Release|Any CPU
		{B0C683F2-1824-4636-8FB7-2DC0F00312A7}.Release|x86.ActiveCfg = Release|Any CPU
		{B0C683F2-1824-4636-8FB7-2DC0F00312A7}.Release|x86.Build.0 = Release|Any CPU
	EndGlobalSection
	GlobalSection(SolutionProperties) = preSolution
		HideSolutionNode = FALSE
	EndGlobalSection
	GlobalSection(NestedProjects) = preSolution
		{98E7F063-76CC-49E4-85BA-92DF385D62D1} = {D2AA0690-0E79-4C08-8DDF-9467A0CA6F30}
		{7F9DBE8E-3119-420F-9250-7C39D32BAC0A} = {D2AA0690-0E79-4C08-8DDF-9467A0CA6F30}
		{6FA8DDB2-9EB6-47BC-AA6C-DB0FD49999AB} = {D2AA0690-0E79-4C08-8DDF-9467A0CA6F30}
		{C703881B-73C0-4D75-893E-AB6AA1DE4D99} = {D2AA0690-0E79-4C08-8DDF-9467A0CA6F30}
		{4FACB64F-EC5C-4ED9-9DC9-6E1A045B03C8} = {D2AA0690-0E79-4C08-8DDF-9467A0CA6F30}
		{AF908458-1FEA-452A-A73F-A1A96C126656} = {D2AA0690-0E79-4C08-8DDF-9467A0CA6F30}
		{1E535138-25E4-40A3-A3ED-AC3CEF23E567} = {A5D96EE0-8E6D-4ED3-A637-52595A773829}
		{B0C683F2-1824-4636-8FB7-2DC0F00312A7} = {A5D96EE0-8E6D-4ED3-A637-52595A773829}
	EndGlobalSection
EndGlobal
